// !$*UTF8*$!
{
	archiveVersion = 1;
	classes = {
	};
	objectVersion = 50;
	objects = {

/* Begin PBXBuildFile section */
		B651F185251856CE00BBEB1E /* AppDelegate.swift in Sources */ = {isa = PBXBuildFile; fileRef = B651F184251856CE00BBEB1E /* AppDelegate.swift */; };
		B651F187251856CE00BBEB1E /* SceneDelegate.swift in Sources */ = {isa = PBXBuildFile; fileRef = B651F186251856CE00BBEB1E /* SceneDelegate.swift */; };
		B651F189251856CE00BBEB1E /* ViewController.swift in Sources */ = {isa = PBXBuildFile; fileRef = B651F188251856CE00BBEB1E /* ViewController.swift */; };
		B651F18C251856CE00BBEB1E /* Main.storyboard in Resources */ = {isa = PBXBuildFile; fileRef = B651F18A251856CE00BBEB1E /* Main.storyboard */; };
		B651F18E251856D000BBEB1E /* Assets.xcassets in Resources */ = {isa = PBXBuildFile; fileRef = B651F18D251856D000BBEB1E /* Assets.xcassets */; };
		B651F191251856D000BBEB1E /* LaunchScreen.storyboard in Resources */ = {isa = PBXBuildFile; fileRef = B651F18F251856D000BBEB1E /* LaunchScreen.storyboard */; };
		B651F19F251868D300BBEB1E /* SecondView.swift in Sources */ = {isa = PBXBuildFile; fileRef = B651F19E251868D300BBEB1E /* SecondView.swift */; };
/* End PBXBuildFile section */

/* Begin PBXFileReference section */
		B651F181251856CE00BBEB1E /* MyLoginService.app */ = {isa = PBXFileReference; explicitFileType = wrapper.application; includeInIndex = 0; path = MyLoginService.app; sourceTree = BUILT_PRODUCTS_DIR; };
		B651F184251856CE00BBEB1E /* AppDelegate.swift */ = {isa = PBXFileReference; lastKnownFileType = sourcecode.swift; path = AppDelegate.swift; sourceTree = "<group>"; };
		B651F186251856CE00BBEB1E /* SceneDelegate.swift */ = {isa = PBXFileReference; lastKnownFileType = sourcecode.swift; path = SceneDelegate.swift; sourceTree = "<group>"; };
		B651F188251856CE00BBEB1E /* ViewController.swift */ = {isa = PBXFileReference; lastKnownFileType = sourcecode.swift; path = ViewController.swift; sourceTree = "<group>"; };
		B651F18B251856CE00BBEB1E /* Base */ = {isa = PBXFileReference; lastKnownFileType = file.storyboard; name = Base; path = Base.lproj/Main.storyboard; sourceTree = "<group>"; };
		B651F18D251856D000BBEB1E /* Assets.xcassets */ = {isa = PBXFileReference; lastKnownFileType = folder.assetcatalog; path = Assets.xcassets; sourceTree = "<group>"; };
		B651F190251856D000BBEB1E /* Base */ = {isa = PBXFileReference; lastKnownFileType = file.storyboard; name = Base; path = Base.lproj/LaunchScreen.storyboard; sourceTree = "<group>"; };
		B651F192251856D000BBEB1E /* Info.plist */ = {isa = PBXFileReference; lastKnownFileType = text.plist.xml; path = Info.plist; sourceTree = "<group>"; };
		B651F19E251868D300BBEB1E /* SecondView.swift */ = {isa = PBXFileReference; lastKnownFileType = sourcecode.swift; path = SecondView.swift; sourceTree = "<group>"; };
/* End PBXFileReference section */

/* Begin PBXFrameworksBuildPhase section */
		B651F17E251856CD00BBEB1E /* Frameworks */ = {
			isa = PBXFrameworksBuildPhase;
			buildActionMask = 2147483647;
			files = (
			);
			runOnlyForDeploymentPostprocessing = 0;
		};
/* End PBXFrameworksBuildPhase section */

/* Begin PBXGroup section */
		B651F178251856CD00BBEB1E = {
			isa = PBXGroup;
			children = (
				B651F183251856CE00BBEB1E /* MyLoginService */,
				B651F182251856CE00BBEB1E /* Products */,
			);
			sourceTree = "<group>";
		};
		B651F182251856CE00BBEB1E /* Products */ = {
			isa = PBXGroup;
			children = (
				B651F181251856CE00BBEB1E /* MyLoginService.app */,
			);
			name = Products;
			sourceTree = "<group>";
		};
		B651F183251856CE00BBEB1E /* MyLoginService */ = {
			isa = PBXGroup;
			children = (
				B651F184251856CE00BBEB1E /* AppDelegate.swift */,
				B651F186251856CE00BBEB1E /* SceneDelegate.swift */,
				B651F188251856CE00BBEB1E /* ViewController.swift */,
				B651F19E251868D300BBEB1E /* SecondView.swift */,
				B651F18A251856CE00BBEB1E /* Main.storyboard */,
				B651F18D251856D000BBEB1E /* Assets.xcassets */,
				B651F18F251856D000BBEB1E /* LaunchScreen.storyboard */,
				B651F192251856D000BBEB1E /* Info.plist */,
			);
			path = MyLoginService;
			sourceTree = "<group>";
		};
/* End PBXGroup section */

/* Begin PBXNativeTarget section */
		B651F180251856CD00BBEB1E /* MyLoginService */ = {
			isa = PBXNativeTarget;
			buildConfigurationList = B651F195251856D000BBEB1E /* Build configuration list for PBXNativeTarget "MyLoginService" */;
			buildPhases = (
				B651F17D251856CD00BBEB1E /* Sources */,
				B651F17E251856CD00BBEB1E /* Frameworks */,
				B651F17F251856CD00BBEB1E /* Resources */,
			);
			buildRules = (
			);
			dependencies = (
			);
			name = MyLoginService;
			productName = MyLoginService;
			productReference = B651F181251856CE00BBEB1E /* MyLoginService.app */;
			productType = "com.apple.product-type.application";
		};
/* End PBXNativeTarget section */

/* Begin PBXProject section */
		B651F179251856CD00BBEB1E /* Project object */ = {
			isa = PBXProject;
			attributes = {
				LastSwiftUpdateCheck = 1200;
				LastUpgradeCheck = 1200;
				TargetAttributes = {
					B651F180251856CD00BBEB1E = {
						CreatedOnToolsVersion = 12.0;
					};
				};
			};
			buildConfigurationList = B651F17C251856CD00BBEB1E /* Build configuration list for PBXProject "MyLoginService" */;
			compatibilityVersion = "Xcode 9.3";
			developmentRegion = en;
			hasScannedForEncodings = 0;
			knownRegions = (
				en,
				Base,
			);
			mainGroup = B651F178251856CD00BBEB1E;
			productRefGroup = B651F182251856CE00BBEB1E /* Products */;
			projectDirPath = "";
			projectRoot = "";
			targets = (
				B651F180251856CD00BBEB1E /* MyLoginService */,
			);
		};
/* End PBXProject section */

/* Begin PBXResourcesBuildPhase section */
		B651F17F251856CD00BBEB1E /* Resources */ = {
			isa = PBXResourcesBuildPhase;
			buildActionMask = 2147483647;
			files = (
				B651F191251856D000BBEB1E /* LaunchScreen.storyboard in Resources */,
				B651F18E251856D000BBEB1E /* Assets.xcassets in Resources */,
				B651F18C251856CE00BBEB1E /* Main.storyboard in Resources */,
			);
			runOnlyForDeploymentPostprocessing = 0;
		};
/* End PBXResourcesBuildPhase section */

/* Begin PBXSourcesBuildPhase section */
		B651F17D251856CD00BBEB1E /* Sources */ = {
			isa = PBXSourcesBuildPhase;
			buildActionMask = 2147483647;
			files = (
				B651F189251856CE00BBEB1E /* ViewController.swift in Sources */,
				B651F185251856CE00BBEB1E /* AppDelegate.swift in Sources */,
				B651F19F251868D300BBEB1E /* SecondView.swift in Sources */,
				B651F187251856CE00BBEB1E /* SceneDelegate.swift in Sources */,
			);
			runOnlyForDeploymentPostprocessing = 0;
		};
/* End PBXSourcesBuildPhase section */

/* Begin PBXVariantGroup section */
		B651F18A251856CE00BBEB1E /* Main.storyboard */ = {
			isa = PBXVariantGroup;
			children = (
				B651F18B251856CE00BBEB1E /* Base */,
			);
			name = Main.storyboard;
			sourceTree = "<group>";
		};
		B651F18F251856D000BBEB1E /* LaunchScreen.storyboard */ = {
			isa = PBXVariantGroup;
			children = (
				B651F190251856D000BBEB1E /* Base */,
			);
			name = LaunchScreen.storyboard;
			sourceTree = "<group>";
		};
/* End PBXVariantGroup section */

/* Begin XCBuildConfiguration section */
		B651F193251856D000BBEB1E /* Debug */ = {
			isa = XCBuildConfiguration;
			buildSettings = {
				ALWAYS_SEARCH_USER_PATHS = NO;
				CLANG_ANALYZER_NONNULL = YES;
				CLANG_ANALYZER_NUMBER_OBJECT_CONVERSION = YES_AGGRESSIVE;
				CLANG_CXX_LANGUAGE_STANDARD = "gnu++14";
				CLANG_CXX_LIBRARY = "libc++";
				CLANG_ENABLE_MODULES = YES;
				CLANG_ENABLE_OBJC_ARC = YES;
				CLANG_ENABLE_OBJC_WEAK = YES;
				CLANG_WARN_BLOCK_CAPTURE_AUTORELEASING = YES;
				CLANG_WARN_BOOL_CONVERSION = YES;
				CLANG_WARN_COMMA = YES;
				CLANG_WARN_CONSTANT_CONVERSION = YES;
				CLANG_WARN_DEPRECATED_OBJC_IMPLEMENTATIONS = YES;
				CLANG_WARN_DIRECT_OBJC_ISA_USAGE = YES_ERROR;
				CLANG_WARN_DOCUMENTATION_COMMENTS = YES;
				CLANG_WARN_EMPTY_BODY = YES;
				CLANG_WARN_ENUM_CONVERSION = YES;
				CLANG_WARN_INFINITE_RECURSION = YES;
				CLANG_WARN_INT_CONVERSION = YES;
				CLANG_WARN_NON_LITERAL_NULL_CONVERSION = YES;
				CLANG_WARN_OBJC_IMPLICIT_RETAIN_SELF = YES;
				CLANG_WARN_OBJC_LITERAL_CONVERSION = YES;
				CLANG_WARN_OBJC_ROOT_CLASS = YES_ERROR;
				CLANG_WARN_QUOTED_INCLUDE_IN_FRAMEWORK_HEADER = YES;
				CLANG_WARN_RANGE_LOOP_ANALYSIS = YES;
				CLANG_WARN_STRICT_PROTOTYPES = YES;
				CLANG_WARN_SUSPICIOUS_MOVE = YES;
				CLANG_WARN_UNGUARDED_AVAILABILITY = YES_AGGRESSIVE;
				CLANG_WARN_UNREACHABLE_CODE = YES;
				CLANG_WARN__DUPLICATE_METHOD_MATCH = YES;
				COPY_PHASE_STRIP = NO;
				DEBUG_INFORMATION_FORMAT = dwarf;
				ENABLE_STRICT_OBJC_MSGSEND = YES;
				ENABLE_TESTABILITY = YES;
				GCC_C_LANGUAGE_STANDARD = gnu11;
				GCC_DYNAMIC_NO_PIC = NO;
				GCC_NO_COMMON_BLOCKS = YES;
				GCC_OPTIMIZATION_LEVEL = 0;
				GCC_PREPROCESSOR_DEFINITIONS = (
					"DEBUG=1",
					"$(inherited)",
				);
				GCC_WARN_64_TO_32_BIT_CONVERSION = YES;
				GCC_WARN_ABOUT_RETURN_TYPE = YES_ERROR;
				GCC_WARN_UNDECLARED_SELECTOR = YES;
				GCC_WARN_UNINITIALIZED_AUTOS = YES_AGGRESSIVE;
				GCC_WARN_UNUSED_FUNCTION = YES;
				GCC_WARN_UNUSED_VARIABLE = YES;
				IPHONEOS_DEPLOYMENT_TARGET = 14.0;
				MTL_ENABLE_DEBUG_INFO = INCLUDE_SOURCE;
				MTL_FAST_MATH = YES;
				ONLY_ACTIVE_ARCH = YES;
				SDKROOT = iphoneos;
				SWIFT_ACTIVE_COMPILATION_CONDITIONS = DEBUG;
				SWIFT_OPTIMIZATION_LEVEL = "-Onone";
			};
			name = Debug;
		};
		B651F194251856D000BBEB1E /* Release */ = {
			isa = XCBuildConfiguration;
			buildSettings = {
				ALWAYS_SEARCH_USER_PATHS = NO;
				CLANG_ANALYZER_NONNULL = YES;
				CLANG_ANALYZER_NUMBER_OBJECT_CONVERSION = YES_AGGRESSIVE;
				CLANG_CXX_LANGUAGE_STANDARD = "gnu++14";
				CLANG_CXX_LIBRARY = "libc++";
				CLANG_ENABLE_MODULES = YES;
				CLANG_ENABLE_OBJC_ARC = YES;
				CLANG_ENABLE_OBJC_WEAK = YES;
				CLANG_WARN_BLOCK_CAPTURE_AUTORELEASING = YES;
				CLANG_WARN_BOOL_CONVERSION = YES;
				CLANG_WARN_COMMA = YES;
				CLANG_WARN_CONSTANT_CONVERSION = YES;
				CLANG_WARN_DEPRECATED_OBJC_IMPLEMENTATIONS = YES;
				CLANG_WARN_DIRECT_OBJC_ISA_USAGE = YES_ERROR;
				CLANG_WARN_DOCUMENTATION_COMMENTS = YES;
				CLANG_WARN_EMPTY_BODY = YES;
				CLANG_WARN_ENUM_CONVERSION = YES;
				CLANG_WARN_INFINITE_RECURSION = YES;
				CLANG_WARN_INT_CONVERSION = YES;
				CLANG_WARN_NON_LITERAL_NULL_CONVERSION = YES;
				CLANG_WARN_OBJC_IMPLICIT_RETAIN_SELF = YES;
				CLANG_WARN_OBJC_LITERAL_CONVERSION = YES;
				CLANG_WARN_OBJC_ROOT_CLASS = YES_ERROR;
				CLANG_WARN_QUOTED_INCLUDE_IN_FRAMEWORK_HEADER = YES;
				CLANG_WARN_RANGE_LOOP_ANALYSIS = YES;
				CLANG_WARN_STRICT_PROTOTYPES = YES;
				CLANG_WARN_SUSPICIOUS_MOVE = YES;
				CLANG_WARN_UNGUARDED_AVAILABILITY = YES_AGGRESSIVE;
				CLANG_WARN_UNREACHABLE_CODE = YES;
				CLANG_WARN__DUPLICATE_METHOD_MATCH = YES;
				COPY_PHASE_STRIP = NO;
				DEBUG_INFORMATION_FORMAT = "dwarf-with-dsym";
				ENABLE_NS_ASSERTIONS = NO;
				ENABLE_STRICT_OBJC_MSGSEND = YES;
				GCC_C_LANGUAGE_STANDARD = gnu11;
				GCC_NO_COMMON_BLOCKS = YES;
				GCC_WARN_64_TO_32_BIT_CONVERSION = YES;
				GCC_WARN_ABOUT_RETURN_TYPE = YES_ERROR;
				GCC_WARN_UNDECLARED_SELECTOR = YES;
				GCC_WARN_UNINITIALIZED_AUTOS = YES_AGGRESSIVE;
				GCC_WARN_UNUSED_FUNCTION = YES;
				GCC_WARN_UNUSED_VARIABLE = YES;
				IPHONEOS_DEPLOYMENT_TARGET = 14.0;
				MTL_ENABLE_DEBUG_INFO = NO;
				MTL_FAST_MATH = YES;
				SDKROOT = iphoneos;
				SWIFT_COMPILATION_MODE = wholemodule;
				SWIFT_OPTIMIZATION_LEVEL = "-O";
				VALIDATE_PRODUCT = YES;
			};
			name = Release;
		};
		B651F196251856D000BBEB1E /* Debug */ = {
			isa = XCBuildConfiguration;
			buildSettings = {
				ASSETCATALOG_COMPILER_APPICON_NAME = "AppIcon-1";
				ASSETCATALOG_COMPILER_GLOBAL_ACCENT_COLOR_NAME = AccentColor;
				CODE_SIGN_STYLE = Automatic;
				DEVELOPMENT_TEAM = 2L2K3UD2LK;
				INFOPLIST_FILE = MyLoginService/Info.plist;
				LD_RUNPATH_SEARCH_PATHS = (
					"$(inherited)",
					"@executable_path/Frameworks",
				);
				PRODUCT_BUNDLE_IDENTIFIER = kimchi.MyLoginService;
				PRODUCT_NAME = "$(TARGET_NAME)";
				SWIFT_VERSION = 5.0;
				TARGETED_DEVICE_FAMILY = "1,2";
			};
			name = Debug;
		};
		B651F197251856D000BBEB1E /* Release */ = {
			isa = XCBuildConfiguration;
			buildSettings = {
				ASSETCATALOG_COMPILER_APPICON_NAME = "AppIcon-1";
				ASSETCATALOG_COMPILER_GLOBAL_ACCENT_COLOR_NAME = AccentColor;
				CODE_SIGN_STYLE = Automatic;
				DEVELOPMENT_TEAM = 2L2K3UD2LK;
				INFOPLIST_FILE = MyLoginService/Info.plist;
				LD_RUNPATH_SEARCH_PATHS = (
					"$(inherited)",
					"@executable_path/Frameworks",
				);
				PRODUCT_BUNDLE_IDENTIFIER = kimchi.MyLoginService;
				PRODUCT_NAME = "$(TARGET_NAME)";
				SWIFT_VERSION = 5.0;
				TARGETED_DEVICE_FAMILY = "1,2";
			};
			name = Release;
		};
/* End XCBuildConfiguration section */

/* Begin XCConfigurationList section */
		B651F17C251856CD00BBEB1E /* Build configuration list for PBXProject "MyLoginService" */ = {
			isa = XCConfigurationList;
			buildConfigurations = (
				B651F193251856D000BBEB1E /* Debug */,
				B651F194251856D000BBEB1E /* Release */,
			);
			defaultConfigurationIsVisible = 0;
			defaultConfigurationName = Release;
		};
		B651F195251856D000BBEB1E /* Build configuration list for PBXNativeTarget "MyLoginService" */ = {
			isa = XCConfigurationList;
			buildConfigurations = (
				B651F196251856D000BBEB1E /* Debug */,
				B651F197251856D000BBEB1E /* Release */,
			);
			defaultConfigurationIsVisible = 0;
			defaultConfigurationName = Release;
		};
/* End XCConfigurationList section */
	};
	rootObject = B651F179251856CD00BBEB1E /* Project object */;
}
