// !$*UTF8*$!
{
	archiveVersion = 1;
	classes = {
	};
	objectVersion = 50;
	objects = {

/* Begin PBXBuildFile section */
		B69710942559333800E9580D /* AppDelegate.swift in Sources */ = {isa = PBXBuildFile; fileRef = B69710932559333800E9580D /* AppDelegate.swift */; };
		B69710962559333800E9580D /* SceneDelegate.swift in Sources */ = {isa = PBXBuildFile; fileRef = B69710952559333800E9580D /* SceneDelegate.swift */; };
		B69710982559333800E9580D /* ViewController.swift in Sources */ = {isa = PBXBuildFile; fileRef = B69710972559333800E9580D /* ViewController.swift */; };
		B697109B2559333800E9580D /* Main.storyboard in Resources */ = {isa = PBXBuildFile; fileRef = B69710992559333800E9580D /* Main.storyboard */; };
		B697109D2559333900E9580D /* Assets.xcassets in Resources */ = {isa = PBXBuildFile; fileRef = B697109C2559333900E9580D /* Assets.xcassets */; };
		B69710A02559333900E9580D /* LaunchScreen.storyboard in Resources */ = {isa = PBXBuildFile; fileRef = B697109E2559333900E9580D /* LaunchScreen.storyboard */; };
		B69710A92559343A00E9580D /* Model.swift in Sources */ = {isa = PBXBuildFile; fileRef = B69710A82559343A00E9580D /* Model.swift */; };
		B69710AC2559909700E9580D /* Request.swift in Sources */ = {isa = PBXBuildFile; fileRef = B69710AB2559909700E9580D /* Request.swift */; };
/* End PBXBuildFile section */

/* Begin PBXFileReference section */
		B69710902559333800E9580D /* Networking.app */ = {isa = PBXFileReference; explicitFileType = wrapper.application; includeInIndex = 0; path = Networking.app; sourceTree = BUILT_PRODUCTS_DIR; };
		B69710932559333800E9580D /* AppDelegate.swift */ = {isa = PBXFileReference; lastKnownFileType = sourcecode.swift; path = AppDelegate.swift; sourceTree = "<group>"; };
		B69710952559333800E9580D /* SceneDelegate.swift */ = {isa = PBXFileReference; lastKnownFileType = sourcecode.swift; path = SceneDelegate.swift; sourceTree = "<group>"; };
		B69710972559333800E9580D /* ViewController.swift */ = {isa = PBXFileReference; lastKnownFileType = sourcecode.swift; path = ViewController.swift; sourceTree = "<group>"; };
		B697109A2559333800E9580D /* Base */ = {isa = PBXFileReference; lastKnownFileType = file.storyboard; name = Base; path = Base.lproj/Main.storyboard; sourceTree = "<group>"; };
		B697109C2559333900E9580D /* Assets.xcassets */ = {isa = PBXFileReference; lastKnownFileType = folder.assetcatalog; path = Assets.xcassets; sourceTree = "<group>"; };
		B697109F2559333900E9580D /* Base */ = {isa = PBXFileReference; lastKnownFileType = file.storyboard; name = Base; path = Base.lproj/LaunchScreen.storyboard; sourceTree = "<group>"; };
		B69710A12559333900E9580D /* Info.plist */ = {isa = PBXFileReference; lastKnownFileType = text.plist.xml; path = Info.plist; sourceTree = "<group>"; };
		B69710A82559343A00E9580D /* Model.swift */ = {isa = PBXFileReference; lastKnownFileType = sourcecode.swift; path = Model.swift; sourceTree = "<group>"; };
		B69710AB2559909700E9580D /* Request.swift */ = {isa = PBXFileReference; lastKnownFileType = sourcecode.swift; path = Request.swift; sourceTree = "<group>"; };
/* End PBXFileReference section */

/* Begin PBXFrameworksBuildPhase section */
		B697108D2559333800E9580D /* Frameworks */ = {
			isa = PBXFrameworksBuildPhase;
			buildActionMask = 2147483647;
			files = (
			);
			runOnlyForDeploymentPostprocessing = 0;
		};
/* End PBXFrameworksBuildPhase section */

/* Begin PBXGroup section */
		B69710872559333800E9580D = {
			isa = PBXGroup;
			children = (
				B69710922559333800E9580D /* Networking */,
				B69710912559333800E9580D /* Products */,
			);
			sourceTree = "<group>";
		};
		B69710912559333800E9580D /* Products */ = {
			isa = PBXGroup;
			children = (
				B69710902559333800E9580D /* Networking.app */,
			);
			name = Products;
			sourceTree = "<group>";
		};
		B69710922559333800E9580D /* Networking */ = {
			isa = PBXGroup;
			children = (
				B69710932559333800E9580D /* AppDelegate.swift */,
				B69710952559333800E9580D /* SceneDelegate.swift */,
				B69710972559333800E9580D /* ViewController.swift */,
				B69710AB2559909700E9580D /* Request.swift */,
				B69710A82559343A00E9580D /* Model.swift */,
				B69710992559333800E9580D /* Main.storyboard */,
				B697109C2559333900E9580D /* Assets.xcassets */,
				B697109E2559333900E9580D /* LaunchScreen.storyboard */,
				B69710A12559333900E9580D /* Info.plist */,
			);
			path = Networking;
			sourceTree = "<group>";
		};
/* End PBXGroup section */

/* Begin PBXNativeTarget section */
		B697108F2559333800E9580D /* Networking */ = {
			isa = PBXNativeTarget;
			buildConfigurationList = B69710A42559333900E9580D /* Build configuration list for PBXNativeTarget "Networking" */;
			buildPhases = (
				B697108C2559333800E9580D /* Sources */,
				B697108D2559333800E9580D /* Frameworks */,
				B697108E2559333800E9580D /* Resources */,
			);
			buildRules = (
			);
			dependencies = (
			);
			name = Networking;
			productName = Networking;
			productReference = B69710902559333800E9580D /* Networking.app */;
			productType = "com.apple.product-type.application";
		};
/* End PBXNativeTarget section */

/* Begin PBXProject section */
		B69710882559333800E9580D /* Project object */ = {
			isa = PBXProject;
			attributes = {
				LastSwiftUpdateCheck = 1210;
				LastUpgradeCheck = 1210;
				TargetAttributes = {
					B697108F2559333800E9580D = {
						CreatedOnToolsVersion = 12.1.1;
					};
				};
			};
			buildConfigurationList = B697108B2559333800E9580D /* Build configuration list for PBXProject "Networking" */;
			compatibilityVersion = "Xcode 9.3";
			developmentRegion = en;
			hasScannedForEncodings = 0;
			knownRegions = (
				en,
				Base,
			);
			mainGroup = B69710872559333800E9580D;
			productRefGroup = B69710912559333800E9580D /* Products */;
			projectDirPath = "";
			projectRoot = "";
			targets = (
				B697108F2559333800E9580D /* Networking */,
			);
		};
/* End PBXProject section */

/* Begin PBXResourcesBuildPhase section */
		B697108E2559333800E9580D /* Resources */ = {
			isa = PBXResourcesBuildPhase;
			buildActionMask = 2147483647;
			files = (
				B69710A02559333900E9580D /* LaunchScreen.storyboard in Resources */,
				B697109D2559333900E9580D /* Assets.xcassets in Resources */,
				B697109B2559333800E9580D /* Main.storyboard in Resources */,
			);
			runOnlyForDeploymentPostprocessing = 0;
		};
/* End PBXResourcesBuildPhase section */

/* Begin PBXSourcesBuildPhase section */
		B697108C2559333800E9580D /* Sources */ = {
			isa = PBXSourcesBuildPhase;
			buildActionMask = 2147483647;
			files = (
				B69710982559333800E9580D /* ViewController.swift in Sources */,
				B69710942559333800E9580D /* AppDelegate.swift in Sources */,
				B69710AC2559909700E9580D /* Request.swift in Sources */,
				B69710962559333800E9580D /* SceneDelegate.swift in Sources */,
				B69710A92559343A00E9580D /* Model.swift in Sources */,
			);
			runOnlyForDeploymentPostprocessing = 0;
		};
/* End PBXSourcesBuildPhase section */

/* Begin PBXVariantGroup section */
		B69710992559333800E9580D /* Main.storyboard */ = {
			isa = PBXVariantGroup;
			children = (
				B697109A2559333800E9580D /* Base */,
			);
			name = Main.storyboard;
			sourceTree = "<group>";
		};
		B697109E2559333900E9580D /* LaunchScreen.storyboard */ = {
			isa = PBXVariantGroup;
			children = (
				B697109F2559333900E9580D /* Base */,
			);
			name = LaunchScreen.storyboard;
			sourceTree = "<group>";
		};
/* End PBXVariantGroup section */

/* Begin XCBuildConfiguration section */
		B69710A22559333900E9580D /* Debug */ = {
			isa = XCBuildConfiguration;
			buildSettings = {
				ALWAYS_SEARCH_USER_PATHS = NO;
				CLANG_ANALYZER_NONNULL = YES;
				CLANG_ANALYZER_NUMBER_OBJECT_CONVERSION = YES_AGGRESSIVE;
				CLANG_CXX_LANGUAGE_STANDARD = "gnu++14";
				CLANG_CXX_LIBRARY = "libc++";
				CLANG_ENABLE_MODULES = YES;
				CLANG_ENABLE_OBJC_ARC = YES;
				CLANG_ENABLE_OBJC_WEAK = YES;
				CLANG_WARN_BLOCK_CAPTURE_AUTORELEASING = YES;
				CLANG_WARN_BOOL_CONVERSION = YES;
				CLANG_WARN_COMMA = YES;
				CLANG_WARN_CONSTANT_CONVERSION = YES;
				CLANG_WARN_DEPRECATED_OBJC_IMPLEMENTATIONS = YES;
				CLANG_WARN_DIRECT_OBJC_ISA_USAGE = YES_ERROR;
				CLANG_WARN_DOCUMENTATION_COMMENTS = YES;
				CLANG_WARN_EMPTY_BODY = YES;
				CLANG_WARN_ENUM_CONVERSION = YES;
				CLANG_WARN_INFINITE_RECURSION = YES;
				CLANG_WARN_INT_CONVERSION = YES;
				CLANG_WARN_NON_LITERAL_NULL_CONVERSION = YES;
				CLANG_WARN_OBJC_IMPLICIT_RETAIN_SELF = YES;
				CLANG_WARN_OBJC_LITERAL_CONVERSION = YES;
				CLANG_WARN_OBJC_ROOT_CLASS = YES_ERROR;
				CLANG_WARN_QUOTED_INCLUDE_IN_FRAMEWORK_HEADER = YES;
				CLANG_WARN_RANGE_LOOP_ANALYSIS = YES;
				CLANG_WARN_STRICT_PROTOTYPES = YES;
				CLANG_WARN_SUSPICIOUS_MOVE = YES;
				CLANG_WARN_UNGUARDED_AVAILABILITY = YES_AGGRESSIVE;
				CLANG_WARN_UNREACHABLE_CODE = YES;
				CLANG_WARN__DUPLICATE_METHOD_MATCH = YES;
				COPY_PHASE_STRIP = NO;
				DEBUG_INFORMATION_FORMAT = dwarf;
				ENABLE_STRICT_OBJC_MSGSEND = YES;
				ENABLE_TESTABILITY = YES;
				GCC_C_LANGUAGE_STANDARD = gnu11;
				GCC_DYNAMIC_NO_PIC = NO;
				GCC_NO_COMMON_BLOCKS = YES;
				GCC_OPTIMIZATION_LEVEL = 0;
				GCC_PREPROCESSOR_DEFINITIONS = (
					"DEBUG=1",
					"$(inherited)",
				);
				GCC_WARN_64_TO_32_BIT_CONVERSION = YES;
				GCC_WARN_ABOUT_RETURN_TYPE = YES_ERROR;
				GCC_WARN_UNDECLARED_SELECTOR = YES;
				GCC_WARN_UNINITIALIZED_AUTOS = YES_AGGRESSIVE;
				GCC_WARN_UNUSED_FUNCTION = YES;
				GCC_WARN_UNUSED_VARIABLE = YES;
				IPHONEOS_DEPLOYMENT_TARGET = 14.2;
				MTL_ENABLE_DEBUG_INFO = INCLUDE_SOURCE;
				MTL_FAST_MATH = YES;
				ONLY_ACTIVE_ARCH = YES;
				SDKROOT = iphoneos;
				SWIFT_ACTIVE_COMPILATION_CONDITIONS = DEBUG;
				SWIFT_OPTIMIZATION_LEVEL = "-Onone";
			};
			name = Debug;
		};
		B69710A32559333900E9580D /* Release */ = {
			isa = XCBuildConfiguration;
			buildSettings = {
				ALWAYS_SEARCH_USER_PATHS = NO;
				CLANG_ANALYZER_NONNULL = YES;
				CLANG_ANALYZER_NUMBER_OBJECT_CONVERSION = YES_AGGRESSIVE;
				CLANG_CXX_LANGUAGE_STANDARD = "gnu++14";
				CLANG_CXX_LIBRARY = "libc++";
				CLANG_ENABLE_MODULES = YES;
				CLANG_ENABLE_OBJC_ARC = YES;
				CLANG_ENABLE_OBJC_WEAK = YES;
				CLANG_WARN_BLOCK_CAPTURE_AUTORELEASING = YES;
				CLANG_WARN_BOOL_CONVERSION = YES;
				CLANG_WARN_COMMA = YES;
				CLANG_WARN_CONSTANT_CONVERSION = YES;
				CLANG_WARN_DEPRECATED_OBJC_IMPLEMENTATIONS = YES;
				CLANG_WARN_DIRECT_OBJC_ISA_USAGE = YES_ERROR;
				CLANG_WARN_DOCUMENTATION_COMMENTS = YES;
				CLANG_WARN_EMPTY_BODY = YES;
				CLANG_WARN_ENUM_CONVERSION = YES;
				CLANG_WARN_INFINITE_RECURSION = YES;
				CLANG_WARN_INT_CONVERSION = YES;
				CLANG_WARN_NON_LITERAL_NULL_CONVERSION = YES;
				CLANG_WARN_OBJC_IMPLICIT_RETAIN_SELF = YES;
				CLANG_WARN_OBJC_LITERAL_CONVERSION = YES;
				CLANG_WARN_OBJC_ROOT_CLASS = YES_ERROR;
				CLANG_WARN_QUOTED_INCLUDE_IN_FRAMEWORK_HEADER = YES;
				CLANG_WARN_RANGE_LOOP_ANALYSIS = YES;
				CLANG_WARN_STRICT_PROTOTYPES = YES;
				CLANG_WARN_SUSPICIOUS_MOVE = YES;
				CLANG_WARN_UNGUARDED_AVAILABILITY = YES_AGGRESSIVE;
				CLANG_WARN_UNREACHABLE_CODE = YES;
				CLANG_WARN__DUPLICATE_METHOD_MATCH = YES;
				COPY_PHASE_STRIP = NO;
				DEBUG_INFORMATION_FORMAT = "dwarf-with-dsym";
				ENABLE_NS_ASSERTIONS = NO;
				ENABLE_STRICT_OBJC_MSGSEND = YES;
				GCC_C_LANGUAGE_STANDARD = gnu11;
				GCC_NO_COMMON_BLOCKS = YES;
				GCC_WARN_64_TO_32_BIT_CONVERSION = YES;
				GCC_WARN_ABOUT_RETURN_TYPE = YES_ERROR;
				GCC_WARN_UNDECLARED_SELECTOR = YES;
				GCC_WARN_UNINITIALIZED_AUTOS = YES_AGGRESSIVE;
				GCC_WARN_UNUSED_FUNCTION = YES;
				GCC_WARN_UNUSED_VARIABLE = YES;
				IPHONEOS_DEPLOYMENT_TARGET = 14.2;
				MTL_ENABLE_DEBUG_INFO = NO;
				MTL_FAST_MATH = YES;
				SDKROOT = iphoneos;
				SWIFT_COMPILATION_MODE = wholemodule;
				SWIFT_OPTIMIZATION_LEVEL = "-O";
				VALIDATE_PRODUCT = YES;
			};
			name = Release;
		};
		B69710A52559333900E9580D /* Debug */ = {
			isa = XCBuildConfiguration;
			buildSettings = {
				ASSETCATALOG_COMPILER_APPICON_NAME = AppIcon;
				ASSETCATALOG_COMPILER_GLOBAL_ACCENT_COLOR_NAME = AccentColor;
				CODE_SIGN_STYLE = Automatic;
				DEVELOPMENT_TEAM = 2L2K3UD2LK;
				INFOPLIST_FILE = Networking/Info.plist;
				LD_RUNPATH_SEARCH_PATHS = (
					"$(inherited)",
					"@executable_path/Frameworks",
				);
				PRODUCT_BUNDLE_IDENTIFIER = kimchi.Networking;
				PRODUCT_NAME = "$(TARGET_NAME)";
				SWIFT_VERSION = 5.0;
				TARGETED_DEVICE_FAMILY = "1,2";
			};
			name = Debug;
		};
		B69710A62559333900E9580D /* Release */ = {
			isa = XCBuildConfiguration;
			buildSettings = {
				ASSETCATALOG_COMPILER_APPICON_NAME = AppIcon;
				ASSETCATALOG_COMPILER_GLOBAL_ACCENT_COLOR_NAME = AccentColor;
				CODE_SIGN_STYLE = Automatic;
				DEVELOPMENT_TEAM = 2L2K3UD2LK;
				INFOPLIST_FILE = Networking/Info.plist;
				LD_RUNPATH_SEARCH_PATHS = (
					"$(inherited)",
					"@executable_path/Frameworks",
				);
				PRODUCT_BUNDLE_IDENTIFIER = kimchi.Networking;
				PRODUCT_NAME = "$(TARGET_NAME)";
				SWIFT_VERSION = 5.0;
				TARGETED_DEVICE_FAMILY = "1,2";
			};
			name = Release;
		};
/* End XCBuildConfiguration section */

/* Begin XCConfigurationList section */
		B697108B2559333800E9580D /* Build configuration list for PBXProject "Networking" */ = {
			isa = XCConfigurationList;
			buildConfigurations = (
				B69710A22559333900E9580D /* Debug */,
				B69710A32559333900E9580D /* Release */,
			);
			defaultConfigurationIsVisible = 0;
			defaultConfigurationName = Release;
		};
		B69710A42559333900E9580D /* Build configuration list for PBXNativeTarget "Networking" */ = {
			isa = XCConfigurationList;
			buildConfigurations = (
				B69710A52559333900E9580D /* Debug */,
				B69710A62559333900E9580D /* Release */,
			);
			defaultConfigurationIsVisible = 0;
			defaultConfigurationName = Release;
		};
/* End XCConfigurationList section */
	};
	rootObject = B69710882559333800E9580D /* Project object */;
}
