// !$*UTF8*$!
{
	archiveVersion = 1;
	classes = {
	};
	objectVersion = 50;
	objects = {

/* Begin PBXBuildFile section */
		B622FF7E25237B1400C93D58 /* AppDelegate.swift in Sources */ = {isa = PBXBuildFile; fileRef = B622FF7D25237B1400C93D58 /* AppDelegate.swift */; };
		B622FF8025237B1400C93D58 /* SceneDelegate.swift in Sources */ = {isa = PBXBuildFile; fileRef = B622FF7F25237B1400C93D58 /* SceneDelegate.swift */; };
		B622FF8225237B1400C93D58 /* ViewController.swift in Sources */ = {isa = PBXBuildFile; fileRef = B622FF8125237B1400C93D58 /* ViewController.swift */; };
		B622FF8525237B1400C93D58 /* Main.storyboard in Resources */ = {isa = PBXBuildFile; fileRef = B622FF8325237B1400C93D58 /* Main.storyboard */; };
		B622FF8725237B1700C93D58 /* Assets.xcassets in Resources */ = {isa = PBXBuildFile; fileRef = B622FF8625237B1700C93D58 /* Assets.xcassets */; };
		B622FF8A25237B1700C93D58 /* LaunchScreen.storyboard in Resources */ = {isa = PBXBuildFile; fileRef = B622FF8825237B1700C93D58 /* LaunchScreen.storyboard */; };
		B622FF932524ACE500C93D58 /* SecondView.swift in Sources */ = {isa = PBXBuildFile; fileRef = B622FF922524ACE500C93D58 /* SecondView.swift */; };
		B622FF962524ACF600C93D58 /* ThirdView.swift in Sources */ = {isa = PBXBuildFile; fileRef = B622FF952524ACF600C93D58 /* ThirdView.swift */; };
		B622FF992524B52800C93D58 /* WeatherInformation.swift in Sources */ = {isa = PBXBuildFile; fileRef = B622FF982524B52800C93D58 /* WeatherInformation.swift */; };
		B622FF9C2524D71500C93D58 /* FirstCell.swift in Sources */ = {isa = PBXBuildFile; fileRef = B622FF9B2524D71500C93D58 /* FirstCell.swift */; };
		B622FFA125260F4000C93D58 /* SecondCell.swift in Sources */ = {isa = PBXBuildFile; fileRef = B622FFA025260F3F00C93D58 /* SecondCell.swift */; };
/* End PBXBuildFile section */

/* Begin PBXFileReference section */
		B622FF7A25237B1400C93D58 /* WeatherToday.app */ = {isa = PBXFileReference; explicitFileType = wrapper.application; includeInIndex = 0; path = WeatherToday.app; sourceTree = BUILT_PRODUCTS_DIR; };
		B622FF7D25237B1400C93D58 /* AppDelegate.swift */ = {isa = PBXFileReference; lastKnownFileType = sourcecode.swift; path = AppDelegate.swift; sourceTree = "<group>"; };
		B622FF7F25237B1400C93D58 /* SceneDelegate.swift */ = {isa = PBXFileReference; lastKnownFileType = sourcecode.swift; path = SceneDelegate.swift; sourceTree = "<group>"; };
		B622FF8125237B1400C93D58 /* ViewController.swift */ = {isa = PBXFileReference; lastKnownFileType = sourcecode.swift; path = ViewController.swift; sourceTree = "<group>"; };
		B622FF8425237B1400C93D58 /* Base */ = {isa = PBXFileReference; lastKnownFileType = file.storyboard; name = Base; path = Base.lproj/Main.storyboard; sourceTree = "<group>"; };
		B622FF8625237B1700C93D58 /* Assets.xcassets */ = {isa = PBXFileReference; lastKnownFileType = folder.assetcatalog; path = Assets.xcassets; sourceTree = "<group>"; };
		B622FF8925237B1700C93D58 /* Base */ = {isa = PBXFileReference; lastKnownFileType = file.storyboard; name = Base; path = Base.lproj/LaunchScreen.storyboard; sourceTree = "<group>"; };
		B622FF8B25237B1700C93D58 /* Info.plist */ = {isa = PBXFileReference; lastKnownFileType = text.plist.xml; path = Info.plist; sourceTree = "<group>"; };
		B622FF922524ACE500C93D58 /* SecondView.swift */ = {isa = PBXFileReference; lastKnownFileType = sourcecode.swift; path = SecondView.swift; sourceTree = "<group>"; };
		B622FF952524ACF600C93D58 /* ThirdView.swift */ = {isa = PBXFileReference; lastKnownFileType = sourcecode.swift; path = ThirdView.swift; sourceTree = "<group>"; };
		B622FF982524B52800C93D58 /* WeatherInformation.swift */ = {isa = PBXFileReference; lastKnownFileType = sourcecode.swift; path = WeatherInformation.swift; sourceTree = "<group>"; };
		B622FF9B2524D71500C93D58 /* FirstCell.swift */ = {isa = PBXFileReference; lastKnownFileType = sourcecode.swift; path = FirstCell.swift; sourceTree = "<group>"; };
		B622FFA025260F3F00C93D58 /* SecondCell.swift */ = {isa = PBXFileReference; lastKnownFileType = sourcecode.swift; path = SecondCell.swift; sourceTree = "<group>"; };
/* End PBXFileReference section */

/* Begin PBXFrameworksBuildPhase section */
		B622FF7725237B1400C93D58 /* Frameworks */ = {
			isa = PBXFrameworksBuildPhase;
			buildActionMask = 2147483647;
			files = (
			);
			runOnlyForDeploymentPostprocessing = 0;
		};
/* End PBXFrameworksBuildPhase section */

/* Begin PBXGroup section */
		B622FF7125237B1400C93D58 = {
			isa = PBXGroup;
			children = (
				B622FF7C25237B1400C93D58 /* WeatherToday */,
				B622FF7B25237B1400C93D58 /* Products */,
			);
			sourceTree = "<group>";
		};
		B622FF7B25237B1400C93D58 /* Products */ = {
			isa = PBXGroup;
			children = (
				B622FF7A25237B1400C93D58 /* WeatherToday.app */,
			);
			name = Products;
			sourceTree = "<group>";
		};
		B622FF7C25237B1400C93D58 /* WeatherToday */ = {
			isa = PBXGroup;
			children = (
				B622FF8B25237B1700C93D58 /* Info.plist */,
				B622FF7D25237B1400C93D58 /* AppDelegate.swift */,
				B622FF9B2524D71500C93D58 /* FirstCell.swift */,
				B622FF7F25237B1400C93D58 /* SceneDelegate.swift */,
				B622FFA025260F3F00C93D58 /* SecondCell.swift */,
				B622FF922524ACE500C93D58 /* SecondView.swift */,
				B622FF952524ACF600C93D58 /* ThirdView.swift */,
				B622FF8125237B1400C93D58 /* ViewController.swift */,
				B622FF982524B52800C93D58 /* WeatherInformation.swift */,
				B622FF8625237B1700C93D58 /* Assets.xcassets */,
				B622FF8825237B1700C93D58 /* LaunchScreen.storyboard */,
				B622FF8325237B1400C93D58 /* Main.storyboard */,
			);
			path = WeatherToday;
			sourceTree = "<group>";
		};
/* End PBXGroup section */

/* Begin PBXNativeTarget section */
		B622FF7925237B1400C93D58 /* WeatherToday */ = {
			isa = PBXNativeTarget;
			buildConfigurationList = B622FF8E25237B1700C93D58 /* Build configuration list for PBXNativeTarget "WeatherToday" */;
			buildPhases = (
				B622FF7625237B1400C93D58 /* Sources */,
				B622FF7725237B1400C93D58 /* Frameworks */,
				B622FF7825237B1400C93D58 /* Resources */,
			);
			buildRules = (
			);
			dependencies = (
			);
			name = WeatherToday;
			productName = WeatherToday;
			productReference = B622FF7A25237B1400C93D58 /* WeatherToday.app */;
			productType = "com.apple.product-type.application";
		};
/* End PBXNativeTarget section */

/* Begin PBXProject section */
		B622FF7225237B1400C93D58 /* Project object */ = {
			isa = PBXProject;
			attributes = {
				LastSwiftUpdateCheck = 1200;
				LastUpgradeCheck = 1200;
				TargetAttributes = {
					B622FF7925237B1400C93D58 = {
						CreatedOnToolsVersion = 12.0.1;
					};
				};
			};
			buildConfigurationList = B622FF7525237B1400C93D58 /* Build configuration list for PBXProject "WeatherToday" */;
			compatibilityVersion = "Xcode 9.3";
			developmentRegion = en;
			hasScannedForEncodings = 0;
			knownRegions = (
				en,
				Base,
			);
			mainGroup = B622FF7125237B1400C93D58;
			productRefGroup = B622FF7B25237B1400C93D58 /* Products */;
			projectDirPath = "";
			projectRoot = "";
			targets = (
				B622FF7925237B1400C93D58 /* WeatherToday */,
			);
		};
/* End PBXProject section */

/* Begin PBXResourcesBuildPhase section */
		B622FF7825237B1400C93D58 /* Resources */ = {
			isa = PBXResourcesBuildPhase;
			buildActionMask = 2147483647;
			files = (
				B622FF8A25237B1700C93D58 /* LaunchScreen.storyboard in Resources */,
				B622FF8725237B1700C93D58 /* Assets.xcassets in Resources */,
				B622FF8525237B1400C93D58 /* Main.storyboard in Resources */,
			);
			runOnlyForDeploymentPostprocessing = 0;
		};
/* End PBXResourcesBuildPhase section */

/* Begin PBXSourcesBuildPhase section */
		B622FF7625237B1400C93D58 /* Sources */ = {
			isa = PBXSourcesBuildPhase;
			buildActionMask = 2147483647;
			files = (
				B622FF8225237B1400C93D58 /* ViewController.swift in Sources */,
				B622FF992524B52800C93D58 /* WeatherInformation.swift in Sources */,
				B622FF962524ACF600C93D58 /* ThirdView.swift in Sources */,
				B622FF7E25237B1400C93D58 /* AppDelegate.swift in Sources */,
				B622FF932524ACE500C93D58 /* SecondView.swift in Sources */,
				B622FF9C2524D71500C93D58 /* FirstCell.swift in Sources */,
				B622FF8025237B1400C93D58 /* SceneDelegate.swift in Sources */,
				B622FFA125260F4000C93D58 /* SecondCell.swift in Sources */,
			);
			runOnlyForDeploymentPostprocessing = 0;
		};
/* End PBXSourcesBuildPhase section */

/* Begin PBXVariantGroup section */
		B622FF8325237B1400C93D58 /* Main.storyboard */ = {
			isa = PBXVariantGroup;
			children = (
				B622FF8425237B1400C93D58 /* Base */,
			);
			name = Main.storyboard;
			sourceTree = "<group>";
		};
		B622FF8825237B1700C93D58 /* LaunchScreen.storyboard */ = {
			isa = PBXVariantGroup;
			children = (
				B622FF8925237B1700C93D58 /* Base */,
			);
			name = LaunchScreen.storyboard;
			sourceTree = "<group>";
		};
/* End PBXVariantGroup section */

/* Begin XCBuildConfiguration section */
		B622FF8C25237B1700C93D58 /* Debug */ = {
			isa = XCBuildConfiguration;
			buildSettings = {
				ALWAYS_SEARCH_USER_PATHS = NO;
				CLANG_ANALYZER_NONNULL = YES;
				CLANG_ANALYZER_NUMBER_OBJECT_CONVERSION = YES_AGGRESSIVE;
				CLANG_CXX_LANGUAGE_STANDARD = "gnu++14";
				CLANG_CXX_LIBRARY = "libc++";
				CLANG_ENABLE_MODULES = YES;
				CLANG_ENABLE_OBJC_ARC = YES;
				CLANG_ENABLE_OBJC_WEAK = YES;
				CLANG_WARN_BLOCK_CAPTURE_AUTORELEASING = YES;
				CLANG_WARN_BOOL_CONVERSION = YES;
				CLANG_WARN_COMMA = YES;
				CLANG_WARN_CONSTANT_CONVERSION = YES;
				CLANG_WARN_DEPRECATED_OBJC_IMPLEMENTATIONS = YES;
				CLANG_WARN_DIRECT_OBJC_ISA_USAGE = YES_ERROR;
				CLANG_WARN_DOCUMENTATION_COMMENTS = YES;
				CLANG_WARN_EMPTY_BODY = YES;
				CLANG_WARN_ENUM_CONVERSION = YES;
				CLANG_WARN_INFINITE_RECURSION = YES;
				CLANG_WARN_INT_CONVERSION = YES;
				CLANG_WARN_NON_LITERAL_NULL_CONVERSION = YES;
				CLANG_WARN_OBJC_IMPLICIT_RETAIN_SELF = YES;
				CLANG_WARN_OBJC_LITERAL_CONVERSION = YES;
				CLANG_WARN_OBJC_ROOT_CLASS = YES_ERROR;
				CLANG_WARN_QUOTED_INCLUDE_IN_FRAMEWORK_HEADER = YES;
				CLANG_WARN_RANGE_LOOP_ANALYSIS = YES;
				CLANG_WARN_STRICT_PROTOTYPES = YES;
				CLANG_WARN_SUSPICIOUS_MOVE = YES;
				CLANG_WARN_UNGUARDED_AVAILABILITY = YES_AGGRESSIVE;
				CLANG_WARN_UNREACHABLE_CODE = YES;
				CLANG_WARN__DUPLICATE_METHOD_MATCH = YES;
				COPY_PHASE_STRIP = NO;
				DEBUG_INFORMATION_FORMAT = dwarf;
				ENABLE_STRICT_OBJC_MSGSEND = YES;
				ENABLE_TESTABILITY = YES;
				GCC_C_LANGUAGE_STANDARD = gnu11;
				GCC_DYNAMIC_NO_PIC = NO;
				GCC_NO_COMMON_BLOCKS = YES;
				GCC_OPTIMIZATION_LEVEL = 0;
				GCC_PREPROCESSOR_DEFINITIONS = (
					"DEBUG=1",
					"$(inherited)",
				);
				GCC_WARN_64_TO_32_BIT_CONVERSION = YES;
				GCC_WARN_ABOUT_RETURN_TYPE = YES_ERROR;
				GCC_WARN_UNDECLARED_SELECTOR = YES;
				GCC_WARN_UNINITIALIZED_AUTOS = YES_AGGRESSIVE;
				GCC_WARN_UNUSED_FUNCTION = YES;
				GCC_WARN_UNUSED_VARIABLE = YES;
				IPHONEOS_DEPLOYMENT_TARGET = 13.6;
				MTL_ENABLE_DEBUG_INFO = INCLUDE_SOURCE;
				MTL_FAST_MATH = YES;
				ONLY_ACTIVE_ARCH = YES;
				SDKROOT = iphoneos;
				SWIFT_ACTIVE_COMPILATION_CONDITIONS = DEBUG;
				SWIFT_OPTIMIZATION_LEVEL = "-Onone";
			};
			name = Debug;
		};
		B622FF8D25237B1700C93D58 /* Release */ = {
			isa = XCBuildConfiguration;
			buildSettings = {
				ALWAYS_SEARCH_USER_PATHS = NO;
				CLANG_ANALYZER_NONNULL = YES;
				CLANG_ANALYZER_NUMBER_OBJECT_CONVERSION = YES_AGGRESSIVE;
				CLANG_CXX_LANGUAGE_STANDARD = "gnu++14";
				CLANG_CXX_LIBRARY = "libc++";
				CLANG_ENABLE_MODULES = YES;
				CLANG_ENABLE_OBJC_ARC = YES;
				CLANG_ENABLE_OBJC_WEAK = YES;
				CLANG_WARN_BLOCK_CAPTURE_AUTORELEASING = YES;
				CLANG_WARN_BOOL_CONVERSION = YES;
				CLANG_WARN_COMMA = YES;
				CLANG_WARN_CONSTANT_CONVERSION = YES;
				CLANG_WARN_DEPRECATED_OBJC_IMPLEMENTATIONS = YES;
				CLANG_WARN_DIRECT_OBJC_ISA_USAGE = YES_ERROR;
				CLANG_WARN_DOCUMENTATION_COMMENTS = YES;
				CLANG_WARN_EMPTY_BODY = YES;
				CLANG_WARN_ENUM_CONVERSION = YES;
				CLANG_WARN_INFINITE_RECURSION = YES;
				CLANG_WARN_INT_CONVERSION = YES;
				CLANG_WARN_NON_LITERAL_NULL_CONVERSION = YES;
				CLANG_WARN_OBJC_IMPLICIT_RETAIN_SELF = YES;
				CLANG_WARN_OBJC_LITERAL_CONVERSION = YES;
				CLANG_WARN_OBJC_ROOT_CLASS = YES_ERROR;
				CLANG_WARN_QUOTED_INCLUDE_IN_FRAMEWORK_HEADER = YES;
				CLANG_WARN_RANGE_LOOP_ANALYSIS = YES;
				CLANG_WARN_STRICT_PROTOTYPES = YES;
				CLANG_WARN_SUSPICIOUS_MOVE = YES;
				CLANG_WARN_UNGUARDED_AVAILABILITY = YES_AGGRESSIVE;
				CLANG_WARN_UNREACHABLE_CODE = YES;
				CLANG_WARN__DUPLICATE_METHOD_MATCH = YES;
				COPY_PHASE_STRIP = NO;
				DEBUG_INFORMATION_FORMAT = "dwarf-with-dsym";
				ENABLE_NS_ASSERTIONS = NO;
				ENABLE_STRICT_OBJC_MSGSEND = YES;
				GCC_C_LANGUAGE_STANDARD = gnu11;
				GCC_NO_COMMON_BLOCKS = YES;
				GCC_WARN_64_TO_32_BIT_CONVERSION = YES;
				GCC_WARN_ABOUT_RETURN_TYPE = YES_ERROR;
				GCC_WARN_UNDECLARED_SELECTOR = YES;
				GCC_WARN_UNINITIALIZED_AUTOS = YES_AGGRESSIVE;
				GCC_WARN_UNUSED_FUNCTION = YES;
				GCC_WARN_UNUSED_VARIABLE = YES;
				IPHONEOS_DEPLOYMENT_TARGET = 13.6;
				MTL_ENABLE_DEBUG_INFO = NO;
				MTL_FAST_MATH = YES;
				SDKROOT = iphoneos;
				SWIFT_COMPILATION_MODE = wholemodule;
				SWIFT_OPTIMIZATION_LEVEL = "-O";
				VALIDATE_PRODUCT = YES;
			};
			name = Release;
		};
		B622FF8F25237B1700C93D58 /* Debug */ = {
			isa = XCBuildConfiguration;
			buildSettings = {
				ASSETCATALOG_COMPILER_APPICON_NAME = AppIcon;
				ASSETCATALOG_COMPILER_GLOBAL_ACCENT_COLOR_NAME = AccentColor;
				CODE_SIGN_STYLE = Automatic;
				DEVELOPMENT_TEAM = 2L2K3UD2LK;
				INFOPLIST_FILE = WeatherToday/Info.plist;
				LD_RUNPATH_SEARCH_PATHS = (
					"$(inherited)",
					"@executable_path/Frameworks",
				);
				PRODUCT_BUNDLE_IDENTIFIER = kimchi.WeatherToday;
				PRODUCT_NAME = "$(TARGET_NAME)";
				SWIFT_VERSION = 5.0;
				TARGETED_DEVICE_FAMILY = "1,2";
			};
			name = Debug;
		};
		B622FF9025237B1700C93D58 /* Release */ = {
			isa = XCBuildConfiguration;
			buildSettings = {
				ASSETCATALOG_COMPILER_APPICON_NAME = AppIcon;
				ASSETCATALOG_COMPILER_GLOBAL_ACCENT_COLOR_NAME = AccentColor;
				CODE_SIGN_STYLE = Automatic;
				DEVELOPMENT_TEAM = 2L2K3UD2LK;
				INFOPLIST_FILE = WeatherToday/Info.plist;
				LD_RUNPATH_SEARCH_PATHS = (
					"$(inherited)",
					"@executable_path/Frameworks",
				);
				PRODUCT_BUNDLE_IDENTIFIER = kimchi.WeatherToday;
				PRODUCT_NAME = "$(TARGET_NAME)";
				SWIFT_VERSION = 5.0;
				TARGETED_DEVICE_FAMILY = "1,2";
			};
			name = Release;
		};
/* End XCBuildConfiguration section */

/* Begin XCConfigurationList section */
		B622FF7525237B1400C93D58 /* Build configuration list for PBXProject "WeatherToday" */ = {
			isa = XCConfigurationList;
			buildConfigurations = (
				B622FF8C25237B1700C93D58 /* Debug */,
				B622FF8D25237B1700C93D58 /* Release */,
			);
			defaultConfigurationIsVisible = 0;
			defaultConfigurationName = Release;
		};
		B622FF8E25237B1700C93D58 /* Build configuration list for PBXNativeTarget "WeatherToday" */ = {
			isa = XCConfigurationList;
			buildConfigurations = (
				B622FF8F25237B1700C93D58 /* Debug */,
				B622FF9025237B1700C93D58 /* Release */,
			);
			defaultConfigurationIsVisible = 0;
			defaultConfigurationName = Release;
		};
/* End XCConfigurationList section */
	};
	rootObject = B622FF7225237B1400C93D58 /* Project object */;
}
