// !$*UTF8*$!
{
	archiveVersion = 1;
	classes = {
	};
	objectVersion = 50;
	objects = {

/* Begin PBXBuildFile section */
		B6E6496E250DF40F000F455E /* AppDelegate.swift in Sources */ = {isa = PBXBuildFile; fileRef = B6E6496D250DF40F000F455E /* AppDelegate.swift */; };
		B6E64970250DF40F000F455E /* SceneDelegate.swift in Sources */ = {isa = PBXBuildFile; fileRef = B6E6496F250DF40F000F455E /* SceneDelegate.swift */; };
		B6E64972250DF40F000F455E /* ViewController.swift in Sources */ = {isa = PBXBuildFile; fileRef = B6E64971250DF40F000F455E /* ViewController.swift */; };
		B6E64975250DF40F000F455E /* Main.storyboard in Resources */ = {isa = PBXBuildFile; fileRef = B6E64973250DF40F000F455E /* Main.storyboard */; };
		B6E64977250DF411000F455E /* Assets.xcassets in Resources */ = {isa = PBXBuildFile; fileRef = B6E64976250DF411000F455E /* Assets.xcassets */; };
		B6E6497A250DF411000F455E /* LaunchScreen.storyboard in Resources */ = {isa = PBXBuildFile; fileRef = B6E64978250DF411000F455E /* LaunchScreen.storyboard */; };
		B6E64985250DF411000F455E /* FisrtMusicPlayerTests.swift in Sources */ = {isa = PBXBuildFile; fileRef = B6E64984250DF411000F455E /* FisrtMusicPlayerTests.swift */; };
		B6E64990250DF411000F455E /* FisrtMusicPlayerUITests.swift in Sources */ = {isa = PBXBuildFile; fileRef = B6E6498F250DF411000F455E /* FisrtMusicPlayerUITests.swift */; };
/* End PBXBuildFile section */

/* Begin PBXContainerItemProxy section */
		B6E64981250DF411000F455E /* PBXContainerItemProxy */ = {
			isa = PBXContainerItemProxy;
			containerPortal = B6E64962250DF40E000F455E /* Project object */;
			proxyType = 1;
			remoteGlobalIDString = B6E64969250DF40F000F455E;
			remoteInfo = FisrtMusicPlayer;
		};
		B6E6498C250DF411000F455E /* PBXContainerItemProxy */ = {
			isa = PBXContainerItemProxy;
			containerPortal = B6E64962250DF40E000F455E /* Project object */;
			proxyType = 1;
			remoteGlobalIDString = B6E64969250DF40F000F455E;
			remoteInfo = FisrtMusicPlayer;
		};
/* End PBXContainerItemProxy section */

/* Begin PBXFileReference section */
		B6E6496A250DF40F000F455E /* FisrtMusicPlayer.app */ = {isa = PBXFileReference; explicitFileType = wrapper.application; includeInIndex = 0; path = FisrtMusicPlayer.app; sourceTree = BUILT_PRODUCTS_DIR; };
		B6E6496D250DF40F000F455E /* AppDelegate.swift */ = {isa = PBXFileReference; lastKnownFileType = sourcecode.swift; path = AppDelegate.swift; sourceTree = "<group>"; };
		B6E6496F250DF40F000F455E /* SceneDelegate.swift */ = {isa = PBXFileReference; lastKnownFileType = sourcecode.swift; path = SceneDelegate.swift; sourceTree = "<group>"; };
		B6E64971250DF40F000F455E /* ViewController.swift */ = {isa = PBXFileReference; lastKnownFileType = sourcecode.swift; path = ViewController.swift; sourceTree = "<group>"; };
		B6E64974250DF40F000F455E /* Base */ = {isa = PBXFileReference; lastKnownFileType = file.storyboard; name = Base; path = Base.lproj/Main.storyboard; sourceTree = "<group>"; };
		B6E64976250DF411000F455E /* Assets.xcassets */ = {isa = PBXFileReference; lastKnownFileType = folder.assetcatalog; path = Assets.xcassets; sourceTree = "<group>"; };
		B6E64979250DF411000F455E /* Base */ = {isa = PBXFileReference; lastKnownFileType = file.storyboard; name = Base; path = Base.lproj/LaunchScreen.storyboard; sourceTree = "<group>"; };
		B6E6497B250DF411000F455E /* Info.plist */ = {isa = PBXFileReference; lastKnownFileType = text.plist.xml; path = Info.plist; sourceTree = "<group>"; };
		B6E64980250DF411000F455E /* FisrtMusicPlayerTests.xctest */ = {isa = PBXFileReference; explicitFileType = wrapper.cfbundle; includeInIndex = 0; path = FisrtMusicPlayerTests.xctest; sourceTree = BUILT_PRODUCTS_DIR; };
		B6E64984250DF411000F455E /* FisrtMusicPlayerTests.swift */ = {isa = PBXFileReference; lastKnownFileType = sourcecode.swift; path = FisrtMusicPlayerTests.swift; sourceTree = "<group>"; };
		B6E64986250DF411000F455E /* Info.plist */ = {isa = PBXFileReference; lastKnownFileType = text.plist.xml; path = Info.plist; sourceTree = "<group>"; };
		B6E6498B250DF411000F455E /* FisrtMusicPlayerUITests.xctest */ = {isa = PBXFileReference; explicitFileType = wrapper.cfbundle; includeInIndex = 0; path = FisrtMusicPlayerUITests.xctest; sourceTree = BUILT_PRODUCTS_DIR; };
		B6E6498F250DF411000F455E /* FisrtMusicPlayerUITests.swift */ = {isa = PBXFileReference; lastKnownFileType = sourcecode.swift; path = FisrtMusicPlayerUITests.swift; sourceTree = "<group>"; };
		B6E64991250DF411000F455E /* Info.plist */ = {isa = PBXFileReference; lastKnownFileType = text.plist.xml; path = Info.plist; sourceTree = "<group>"; };
/* End PBXFileReference section */

/* Begin PBXFrameworksBuildPhase section */
		B6E64967250DF40F000F455E /* Frameworks */ = {
			isa = PBXFrameworksBuildPhase;
			buildActionMask = 2147483647;
			files = (
			);
			runOnlyForDeploymentPostprocessing = 0;
		};
		B6E6497D250DF411000F455E /* Frameworks */ = {
			isa = PBXFrameworksBuildPhase;
			buildActionMask = 2147483647;
			files = (
			);
			runOnlyForDeploymentPostprocessing = 0;
		};
		B6E64988250DF411000F455E /* Frameworks */ = {
			isa = PBXFrameworksBuildPhase;
			buildActionMask = 2147483647;
			files = (
			);
			runOnlyForDeploymentPostprocessing = 0;
		};
/* End PBXFrameworksBuildPhase section */

/* Begin PBXGroup section */
		B6E64961250DF40E000F455E = {
			isa = PBXGroup;
			children = (
				B6E6496C250DF40F000F455E /* FisrtMusicPlayer */,
				B6E64983250DF411000F455E /* FisrtMusicPlayerTests */,
				B6E6498E250DF411000F455E /* FisrtMusicPlayerUITests */,
				B6E6496B250DF40F000F455E /* Products */,
			);
			sourceTree = "<group>";
		};
		B6E6496B250DF40F000F455E /* Products */ = {
			isa = PBXGroup;
			children = (
				B6E6496A250DF40F000F455E /* FisrtMusicPlayer.app */,
				B6E64980250DF411000F455E /* FisrtMusicPlayerTests.xctest */,
				B6E6498B250DF411000F455E /* FisrtMusicPlayerUITests.xctest */,
			);
			name = Products;
			sourceTree = "<group>";
		};
		B6E6496C250DF40F000F455E /* FisrtMusicPlayer */ = {
			isa = PBXGroup;
			children = (
				B6E6496D250DF40F000F455E /* AppDelegate.swift */,
				B6E6496F250DF40F000F455E /* SceneDelegate.swift */,
				B6E64971250DF40F000F455E /* ViewController.swift */,
				B6E64973250DF40F000F455E /* Main.storyboard */,
				B6E64976250DF411000F455E /* Assets.xcassets */,
				B6E64978250DF411000F455E /* LaunchScreen.storyboard */,
				B6E6497B250DF411000F455E /* Info.plist */,
			);
			path = FisrtMusicPlayer;
			sourceTree = "<group>";
		};
		B6E64983250DF411000F455E /* FisrtMusicPlayerTests */ = {
			isa = PBXGroup;
			children = (
				B6E64984250DF411000F455E /* FisrtMusicPlayerTests.swift */,
				B6E64986250DF411000F455E /* Info.plist */,
			);
			path = FisrtMusicPlayerTests;
			sourceTree = "<group>";
		};
		B6E6498E250DF411000F455E /* FisrtMusicPlayerUITests */ = {
			isa = PBXGroup;
			children = (
				B6E6498F250DF411000F455E /* FisrtMusicPlayerUITests.swift */,
				B6E64991250DF411000F455E /* Info.plist */,
			);
			path = FisrtMusicPlayerUITests;
			sourceTree = "<group>";
		};
/* End PBXGroup section */

/* Begin PBXNativeTarget section */
		B6E64969250DF40F000F455E /* FisrtMusicPlayer */ = {
			isa = PBXNativeTarget;
			buildConfigurationList = B6E64994250DF411000F455E /* Build configuration list for PBXNativeTarget "FisrtMusicPlayer" */;
			buildPhases = (
				B6E64966250DF40F000F455E /* Sources */,
				B6E64967250DF40F000F455E /* Frameworks */,
				B6E64968250DF40F000F455E /* Resources */,
			);
			buildRules = (
			);
			dependencies = (
			);
			name = FisrtMusicPlayer;
			productName = FisrtMusicPlayer;
			productReference = B6E6496A250DF40F000F455E /* FisrtMusicPlayer.app */;
			productType = "com.apple.product-type.application";
		};
		B6E6497F250DF411000F455E /* FisrtMusicPlayerTests */ = {
			isa = PBXNativeTarget;
			buildConfigurationList = B6E64997250DF411000F455E /* Build configuration list for PBXNativeTarget "FisrtMusicPlayerTests" */;
			buildPhases = (
				B6E6497C250DF411000F455E /* Sources */,
				B6E6497D250DF411000F455E /* Frameworks */,
				B6E6497E250DF411000F455E /* Resources */,
			);
			buildRules = (
			);
			dependencies = (
				B6E64982250DF411000F455E /* PBXTargetDependency */,
			);
			name = FisrtMusicPlayerTests;
			productName = FisrtMusicPlayerTests;
			productReference = B6E64980250DF411000F455E /* FisrtMusicPlayerTests.xctest */;
			productType = "com.apple.product-type.bundle.unit-test";
		};
		B6E6498A250DF411000F455E /* FisrtMusicPlayerUITests */ = {
			isa = PBXNativeTarget;
			buildConfigurationList = B6E6499A250DF411000F455E /* Build configuration list for PBXNativeTarget "FisrtMusicPlayerUITests" */;
			buildPhases = (
				B6E64987250DF411000F455E /* Sources */,
				B6E64988250DF411000F455E /* Frameworks */,
				B6E64989250DF411000F455E /* Resources */,
			);
			buildRules = (
			);
			dependencies = (
				B6E6498D250DF411000F455E /* PBXTargetDependency */,
			);
			name = FisrtMusicPlayerUITests;
			productName = FisrtMusicPlayerUITests;
			productReference = B6E6498B250DF411000F455E /* FisrtMusicPlayerUITests.xctest */;
			productType = "com.apple.product-type.bundle.ui-testing";
		};
/* End PBXNativeTarget section */

/* Begin PBXProject section */
		B6E64962250DF40E000F455E /* Project object */ = {
			isa = PBXProject;
			attributes = {
				LastSwiftUpdateCheck = 1170;
				LastUpgradeCheck = 1170;
				ORGANIZATIONNAME = sangheon;
				TargetAttributes = {
					B6E64969250DF40F000F455E = {
						CreatedOnToolsVersion = 11.7;
					};
					B6E6497F250DF411000F455E = {
						CreatedOnToolsVersion = 11.7;
						TestTargetID = B6E64969250DF40F000F455E;
					};
					B6E6498A250DF411000F455E = {
						CreatedOnToolsVersion = 11.7;
						TestTargetID = B6E64969250DF40F000F455E;
					};
				};
			};
			buildConfigurationList = B6E64965250DF40F000F455E /* Build configuration list for PBXProject "FisrtMusicPlayer" */;
			compatibilityVersion = "Xcode 9.3";
			developmentRegion = en;
			hasScannedForEncodings = 0;
			knownRegions = (
				en,
				Base,
			);
			mainGroup = B6E64961250DF40E000F455E;
			productRefGroup = B6E6496B250DF40F000F455E /* Products */;
			projectDirPath = "";
			projectRoot = "";
			targets = (
				B6E64969250DF40F000F455E /* FisrtMusicPlayer */,
				B6E6497F250DF411000F455E /* FisrtMusicPlayerTests */,
				B6E6498A250DF411000F455E /* FisrtMusicPlayerUITests */,
			);
		};
/* End PBXProject section */

/* Begin PBXResourcesBuildPhase section */
		B6E64968250DF40F000F455E /* Resources */ = {
			isa = PBXResourcesBuildPhase;
			buildActionMask = 2147483647;
			files = (
				B6E6497A250DF411000F455E /* LaunchScreen.storyboard in Resources */,
				B6E64977250DF411000F455E /* Assets.xcassets in Resources */,
				B6E64975250DF40F000F455E /* Main.storyboard in Resources */,
			);
			runOnlyForDeploymentPostprocessing = 0;
		};
		B6E6497E250DF411000F455E /* Resources */ = {
			isa = PBXResourcesBuildPhase;
			buildActionMask = 2147483647;
			files = (
			);
			runOnlyForDeploymentPostprocessing = 0;
		};
		B6E64989250DF411000F455E /* Resources */ = {
			isa = PBXResourcesBuildPhase;
			buildActionMask = 2147483647;
			files = (
			);
			runOnlyForDeploymentPostprocessing = 0;
		};
/* End PBXResourcesBuildPhase section */

/* Begin PBXSourcesBuildPhase section */
		B6E64966250DF40F000F455E /* Sources */ = {
			isa = PBXSourcesBuildPhase;
			buildActionMask = 2147483647;
			files = (
				B6E64972250DF40F000F455E /* ViewController.swift in Sources */,
				B6E6496E250DF40F000F455E /* AppDelegate.swift in Sources */,
				B6E64970250DF40F000F455E /* SceneDelegate.swift in Sources */,
			);
			runOnlyForDeploymentPostprocessing = 0;
		};
		B6E6497C250DF411000F455E /* Sources */ = {
			isa = PBXSourcesBuildPhase;
			buildActionMask = 2147483647;
			files = (
				B6E64985250DF411000F455E /* FisrtMusicPlayerTests.swift in Sources */,
			);
			runOnlyForDeploymentPostprocessing = 0;
		};
		B6E64987250DF411000F455E /* Sources */ = {
			isa = PBXSourcesBuildPhase;
			buildActionMask = 2147483647;
			files = (
				B6E64990250DF411000F455E /* FisrtMusicPlayerUITests.swift in Sources */,
			);
			runOnlyForDeploymentPostprocessing = 0;
		};
/* End PBXSourcesBuildPhase section */

/* Begin PBXTargetDependency section */
		B6E64982250DF411000F455E /* PBXTargetDependency */ = {
			isa = PBXTargetDependency;
			target = B6E64969250DF40F000F455E /* FisrtMusicPlayer */;
			targetProxy = B6E64981250DF411000F455E /* PBXContainerItemProxy */;
		};
		B6E6498D250DF411000F455E /* PBXTargetDependency */ = {
			isa = PBXTargetDependency;
			target = B6E64969250DF40F000F455E /* FisrtMusicPlayer */;
			targetProxy = B6E6498C250DF411000F455E /* PBXContainerItemProxy */;
		};
/* End PBXTargetDependency section */

/* Begin PBXVariantGroup section */
		B6E64973250DF40F000F455E /* Main.storyboard */ = {
			isa = PBXVariantGroup;
			children = (
				B6E64974250DF40F000F455E /* Base */,
			);
			name = Main.storyboard;
			sourceTree = "<group>";
		};
		B6E64978250DF411000F455E /* LaunchScreen.storyboard */ = {
			isa = PBXVariantGroup;
			children = (
				B6E64979250DF411000F455E /* Base */,
			);
			name = LaunchScreen.storyboard;
			sourceTree = "<group>";
		};
/* End PBXVariantGroup section */

/* Begin XCBuildConfiguration section */
		B6E64992250DF411000F455E /* Debug */ = {
			isa = XCBuildConfiguration;
			buildSettings = {
				ALWAYS_SEARCH_USER_PATHS = NO;
				CLANG_ANALYZER_NONNULL = YES;
				CLANG_ANALYZER_NUMBER_OBJECT_CONVERSION = YES_AGGRESSIVE;
				CLANG_CXX_LANGUAGE_STANDARD = "gnu++14";
				CLANG_CXX_LIBRARY = "libc++";
				CLANG_ENABLE_MODULES = YES;
				CLANG_ENABLE_OBJC_ARC = YES;
				CLANG_ENABLE_OBJC_WEAK = YES;
				CLANG_WARN_BLOCK_CAPTURE_AUTORELEASING = YES;
				CLANG_WARN_BOOL_CONVERSION = YES;
				CLANG_WARN_COMMA = YES;
				CLANG_WARN_CONSTANT_CONVERSION = YES;
				CLANG_WARN_DEPRECATED_OBJC_IMPLEMENTATIONS = YES;
				CLANG_WARN_DIRECT_OBJC_ISA_USAGE = YES_ERROR;
				CLANG_WARN_DOCUMENTATION_COMMENTS = YES;
				CLANG_WARN_EMPTY_BODY = YES;
				CLANG_WARN_ENUM_CONVERSION = YES;
				CLANG_WARN_INFINITE_RECURSION = YES;
				CLANG_WARN_INT_CONVERSION = YES;
				CLANG_WARN_NON_LITERAL_NULL_CONVERSION = YES;
				CLANG_WARN_OBJC_IMPLICIT_RETAIN_SELF = YES;
				CLANG_WARN_OBJC_LITERAL_CONVERSION = YES;
				CLANG_WARN_OBJC_ROOT_CLASS = YES_ERROR;
				CLANG_WARN_RANGE_LOOP_ANALYSIS = YES;
				CLANG_WARN_STRICT_PROTOTYPES = YES;
				CLANG_WARN_SUSPICIOUS_MOVE = YES;
				CLANG_WARN_UNGUARDED_AVAILABILITY = YES_AGGRESSIVE;
				CLANG_WARN_UNREACHABLE_CODE = YES;
				CLANG_WARN__DUPLICATE_METHOD_MATCH = YES;
				COPY_PHASE_STRIP = NO;
				DEBUG_INFORMATION_FORMAT = dwarf;
				ENABLE_STRICT_OBJC_MSGSEND = YES;
				ENABLE_TESTABILITY = YES;
				GCC_C_LANGUAGE_STANDARD = gnu11;
				GCC_DYNAMIC_NO_PIC = NO;
				GCC_NO_COMMON_BLOCKS = YES;
				GCC_OPTIMIZATION_LEVEL = 0;
				GCC_PREPROCESSOR_DEFINITIONS = (
					"DEBUG=1",
					"$(inherited)",
				);
				GCC_WARN_64_TO_32_BIT_CONVERSION = YES;
				GCC_WARN_ABOUT_RETURN_TYPE = YES_ERROR;
				GCC_WARN_UNDECLARED_SELECTOR = YES;
				GCC_WARN_UNINITIALIZED_AUTOS = YES_AGGRESSIVE;
				GCC_WARN_UNUSED_FUNCTION = YES;
				GCC_WARN_UNUSED_VARIABLE = YES;
				IPHONEOS_DEPLOYMENT_TARGET = 13.7;
				MTL_ENABLE_DEBUG_INFO = INCLUDE_SOURCE;
				MTL_FAST_MATH = YES;
				ONLY_ACTIVE_ARCH = YES;
				SDKROOT = iphoneos;
				SWIFT_ACTIVE_COMPILATION_CONDITIONS = DEBUG;
				SWIFT_OPTIMIZATION_LEVEL = "-Onone";
			};
			name = Debug;
		};
		B6E64993250DF411000F455E /* Release */ = {
			isa = XCBuildConfiguration;
			buildSettings = {
				ALWAYS_SEARCH_USER_PATHS = NO;
				CLANG_ANALYZER_NONNULL = YES;
				CLANG_ANALYZER_NUMBER_OBJECT_CONVERSION = YES_AGGRESSIVE;
				CLANG_CXX_LANGUAGE_STANDARD = "gnu++14";
				CLANG_CXX_LIBRARY = "libc++";
				CLANG_ENABLE_MODULES = YES;
				CLANG_ENABLE_OBJC_ARC = YES;
				CLANG_ENABLE_OBJC_WEAK = YES;
				CLANG_WARN_BLOCK_CAPTURE_AUTORELEASING = YES;
				CLANG_WARN_BOOL_CONVERSION = YES;
				CLANG_WARN_COMMA = YES;
				CLANG_WARN_CONSTANT_CONVERSION = YES;
				CLANG_WARN_DEPRECATED_OBJC_IMPLEMENTATIONS = YES;
				CLANG_WARN_DIRECT_OBJC_ISA_USAGE = YES_ERROR;
				CLANG_WARN_DOCUMENTATION_COMMENTS = YES;
				CLANG_WARN_EMPTY_BODY = YES;
				CLANG_WARN_ENUM_CONVERSION = YES;
				CLANG_WARN_INFINITE_RECURSION = YES;
				CLANG_WARN_INT_CONVERSION = YES;
				CLANG_WARN_NON_LITERAL_NULL_CONVERSION = YES;
				CLANG_WARN_OBJC_IMPLICIT_RETAIN_SELF = YES;
				CLANG_WARN_OBJC_LITERAL_CONVERSION = YES;
				CLANG_WARN_OBJC_ROOT_CLASS = YES_ERROR;
				CLANG_WARN_RANGE_LOOP_ANALYSIS = YES;
				CLANG_WARN_STRICT_PROTOTYPES = YES;
				CLANG_WARN_SUSPICIOUS_MOVE = YES;
				CLANG_WARN_UNGUARDED_AVAILABILITY = YES_AGGRESSIVE;
				CLANG_WARN_UNREACHABLE_CODE = YES;
				CLANG_WARN__DUPLICATE_METHOD_MATCH = YES;
				COPY_PHASE_STRIP = NO;
				DEBUG_INFORMATION_FORMAT = "dwarf-with-dsym";
				ENABLE_NS_ASSERTIONS = NO;
				ENABLE_STRICT_OBJC_MSGSEND = YES;
				GCC_C_LANGUAGE_STANDARD = gnu11;
				GCC_NO_COMMON_BLOCKS = YES;
				GCC_WARN_64_TO_32_BIT_CONVERSION = YES;
				GCC_WARN_ABOUT_RETURN_TYPE = YES_ERROR;
				GCC_WARN_UNDECLARED_SELECTOR = YES;
				GCC_WARN_UNINITIALIZED_AUTOS = YES_AGGRESSIVE;
				GCC_WARN_UNUSED_FUNCTION = YES;
				GCC_WARN_UNUSED_VARIABLE = YES;
				IPHONEOS_DEPLOYMENT_TARGET = 13.7;
				MTL_ENABLE_DEBUG_INFO = NO;
				MTL_FAST_MATH = YES;
				SDKROOT = iphoneos;
				SWIFT_COMPILATION_MODE = wholemodule;
				SWIFT_OPTIMIZATION_LEVEL = "-O";
				VALIDATE_PRODUCT = YES;
			};
			name = Release;
		};
		B6E64995250DF411000F455E /* Debug */ = {
			isa = XCBuildConfiguration;
			buildSettings = {
				ASSETCATALOG_COMPILER_APPICON_NAME = AppIcon;
				CODE_SIGN_STYLE = Automatic;
				INFOPLIST_FILE = FisrtMusicPlayer/Info.plist;
				LD_RUNPATH_SEARCH_PATHS = (
					"$(inherited)",
					"@executable_path/Frameworks",
				);
				PRODUCT_BUNDLE_IDENTIFIER = kimchi.FisrtMusicPlayer;
				PRODUCT_NAME = "$(TARGET_NAME)";
				SWIFT_VERSION = 5.0;
				TARGETED_DEVICE_FAMILY = "1,2";
			};
			name = Debug;
		};
		B6E64996250DF411000F455E /* Release */ = {
			isa = XCBuildConfiguration;
			buildSettings = {
				ASSETCATALOG_COMPILER_APPICON_NAME = AppIcon;
				CODE_SIGN_STYLE = Automatic;
				INFOPLIST_FILE = FisrtMusicPlayer/Info.plist;
				LD_RUNPATH_SEARCH_PATHS = (
					"$(inherited)",
					"@executable_path/Frameworks",
				);
				PRODUCT_BUNDLE_IDENTIFIER = kimchi.FisrtMusicPlayer;
				PRODUCT_NAME = "$(TARGET_NAME)";
				SWIFT_VERSION = 5.0;
				TARGETED_DEVICE_FAMILY = "1,2";
			};
			name = Release;
		};
		B6E64998250DF411000F455E /* Debug */ = {
			isa = XCBuildConfiguration;
			buildSettings = {
				ALWAYS_EMBED_SWIFT_STANDARD_LIBRARIES = YES;
				BUNDLE_LOADER = "$(TEST_HOST)";
				CODE_SIGN_STYLE = Automatic;
				INFOPLIST_FILE = FisrtMusicPlayerTests/Info.plist;
				IPHONEOS_DEPLOYMENT_TARGET = 13.7;
				LD_RUNPATH_SEARCH_PATHS = (
					"$(inherited)",
					"@executable_path/Frameworks",
					"@loader_path/Frameworks",
				);
				PRODUCT_BUNDLE_IDENTIFIER = kimchi.FisrtMusicPlayerTests;
				PRODUCT_NAME = "$(TARGET_NAME)";
				SWIFT_VERSION = 5.0;
				TARGETED_DEVICE_FAMILY = "1,2";
				TEST_HOST = "$(BUILT_PRODUCTS_DIR)/FisrtMusicPlayer.app/FisrtMusicPlayer";
			};
			name = Debug;
		};
		B6E64999250DF411000F455E /* Release */ = {
			isa = XCBuildConfiguration;
			buildSettings = {
				ALWAYS_EMBED_SWIFT_STANDARD_LIBRARIES = YES;
				BUNDLE_LOADER = "$(TEST_HOST)";
				CODE_SIGN_STYLE = Automatic;
				INFOPLIST_FILE = FisrtMusicPlayerTests/Info.plist;
				IPHONEOS_DEPLOYMENT_TARGET = 13.7;
				LD_RUNPATH_SEARCH_PATHS = (
					"$(inherited)",
					"@executable_path/Frameworks",
					"@loader_path/Frameworks",
				);
				PRODUCT_BUNDLE_IDENTIFIER = kimchi.FisrtMusicPlayerTests;
				PRODUCT_NAME = "$(TARGET_NAME)";
				SWIFT_VERSION = 5.0;
				TARGETED_DEVICE_FAMILY = "1,2";
				TEST_HOST = "$(BUILT_PRODUCTS_DIR)/FisrtMusicPlayer.app/FisrtMusicPlayer";
			};
			name = Release;
		};
		B6E6499B250DF411000F455E /* Debug */ = {
			isa = XCBuildConfiguration;
			buildSettings = {
				ALWAYS_EMBED_SWIFT_STANDARD_LIBRARIES = YES;
				CODE_SIGN_STYLE = Automatic;
				INFOPLIST_FILE = FisrtMusicPlayerUITests/Info.plist;
				LD_RUNPATH_SEARCH_PATHS = (
					"$(inherited)",
					"@executable_path/Frameworks",
					"@loader_path/Frameworks",
				);
				PRODUCT_BUNDLE_IDENTIFIER = kimchi.FisrtMusicPlayerUITests;
				PRODUCT_NAME = "$(TARGET_NAME)";
				SWIFT_VERSION = 5.0;
				TARGETED_DEVICE_FAMILY = "1,2";
				TEST_TARGET_NAME = FisrtMusicPlayer;
			};
			name = Debug;
		};
		B6E6499C250DF411000F455E /* Release */ = {
			isa = XCBuildConfiguration;
			buildSettings = {
				ALWAYS_EMBED_SWIFT_STANDARD_LIBRARIES = YES;
				CODE_SIGN_STYLE = Automatic;
				INFOPLIST_FILE = FisrtMusicPlayerUITests/Info.plist;
				LD_RUNPATH_SEARCH_PATHS = (
					"$(inherited)",
					"@executable_path/Frameworks",
					"@loader_path/Frameworks",
				);
				PRODUCT_BUNDLE_IDENTIFIER = kimchi.FisrtMusicPlayerUITests;
				PRODUCT_NAME = "$(TARGET_NAME)";
				SWIFT_VERSION = 5.0;
				TARGETED_DEVICE_FAMILY = "1,2";
				TEST_TARGET_NAME = FisrtMusicPlayer;
			};
			name = Release;
		};
/* End XCBuildConfiguration section */

/* Begin XCConfigurationList section */
		B6E64965250DF40F000F455E /* Build configuration list for PBXProject "FisrtMusicPlayer" */ = {
			isa = XCConfigurationList;
			buildConfigurations = (
				B6E64992250DF411000F455E /* Debug */,
				B6E64993250DF411000F455E /* Release */,
			);
			defaultConfigurationIsVisible = 0;
			defaultConfigurationName = Release;
		};
		B6E64994250DF411000F455E /* Build configuration list for PBXNativeTarget "FisrtMusicPlayer" */ = {
			isa = XCConfigurationList;
			buildConfigurations = (
				B6E64995250DF411000F455E /* Debug */,
				B6E64996250DF411000F455E /* Release */,
			);
			defaultConfigurationIsVisible = 0;
			defaultConfigurationName = Release;
		};
		B6E64997250DF411000F455E /* Build configuration list for PBXNativeTarget "FisrtMusicPlayerTests" */ = {
			isa = XCConfigurationList;
			buildConfigurations = (
				B6E64998250DF411000F455E /* Debug */,
				B6E64999250DF411000F455E /* Release */,
			);
			defaultConfigurationIsVisible = 0;
			defaultConfigurationName = Release;
		};
		B6E6499A250DF411000F455E /* Build configuration list for PBXNativeTarget "FisrtMusicPlayerUITests" */ = {
			isa = XCConfigurationList;
			buildConfigurations = (
				B6E6499B250DF411000F455E /* Debug */,
				B6E6499C250DF411000F455E /* Release */,
			);
			defaultConfigurationIsVisible = 0;
			defaultConfigurationName = Release;
		};
/* End XCConfigurationList section */
	};
	rootObject = B6E64962250DF40E000F455E /* Project object */;
}
